# THIS IS AN AUTOGENERATED FILE. DO NOT EDIT THIS FILE DIRECTLY.
# yarn lockfile v1


dequal@^2.0.0:
  version "2.0.2"
  resolved "https://registry.yarnpkg.com/dequal/-/dequal-2.0.2.tgz#85ca22025e3a87e65ef75a7a437b35284a7e319d"
  integrity sha512-q9K8BlJVxK7hQYqa6XISGmBZbtQQWVXSrRrWreHC94rMt1QL/Impruc+7p2CYSYuVIUr+YCt6hjrs1kkdJRTug==

diff@^5.0.0:
  version "5.0.0"
  resolved "https://registry.yarnpkg.com/diff/-/diff-5.0.0.tgz#7ed6ad76d859d030787ec35855f5b1daf31d852b"
  integrity sha512-/VTCrvm5Z0JGty/BWHljh+BAiw3IK+2j87NGMu8Nwc/f48WoDAC395uomO9ZD117ZOBaHmkX1oyLvkVM/aIT3w==

esbuild-android-arm64@0.14.13:
  version "0.14.13"
  resolved "https://registry.yarnpkg.com/esbuild-android-arm64/-/esbuild-android-arm64-0.14.13.tgz#a5c8cb275dc6dcaf2390abb639791ffc4aa6ead1"
  integrity sha512-rhtwl+KJ3BzzXkK09N3/YbEF1i5WhriysJEStoeWNBzchx9hlmzyWmDGQQhu56HF78ua3JrVPyLOsdLGvtMvxQ==

esbuild-darwin-64@0.14.13:
  version "0.14.13"
  resolved "https://registry.yarnpkg.com/esbuild-darwin-64/-/esbuild-darwin-64-0.14.13.tgz#51ad2fbf8c9d73c1d40e5f9ab6122ffa95f5b494"
  integrity sha512-Fl47xIt5RMu50WIgMU93kwmUUJb+BPuL8R895n/aBNQqavS+KUMpLPoqKGABBV4myfx/fnAD/97X8Gt1C1YW6w==

esbuild-darwin-arm64@0.14.13:
  version "0.14.13"
  resolved "https://registry.yarnpkg.com/esbuild-darwin-arm64/-/esbuild-darwin-arm64-0.14.13.tgz#7ff177193cffbba518a59dfa4666a2fbb3345330"
  integrity sha512-UttqKRFXsWvuivcyAbFmo54vdkC9Me1ZYQNuoz/uBYDbkb2MgqKYG2+xoVKPBhLvhT0CKM5QGKD81flMH5BE6A==

esbuild-freebsd-64@0.14.13:
  version "0.14.13"
  resolved "https://registry.yarnpkg.com/esbuild-freebsd-64/-/esbuild-freebsd-64-0.14.13.tgz#648357ff0ca399ce65f7e7ebfff701cf105c70f3"
  integrity sha512-dlIhPFSp29Yq2TPh7Cm3/4M0uKjlfvOylHVNCRvRNiOvDbBol6/NZ3kLisczms+Yra0rxVapBPN1oMbSMuts9g==

esbuild-freebsd-arm64@0.14.13:
  version "0.14.13"
  resolved "https://registry.yarnpkg.com/esbuild-freebsd-arm64/-/esbuild-freebsd-arm64-0.14.13.tgz#7cb0016dd64fd116624c56dcfe58b27fac8ceaee"
  integrity sha512-bNOHLu7Oq6RwaAMnwPbJ40DVGPl9GlAOnfH/dFZ792f8hFEbopkbtVzo1SU1jjfY3TGLWOgqHNWxPxx1N7Au+g==

esbuild-linux-32@0.14.13:
  version "0.14.13"
  resolved "https://registry.yarnpkg.com/esbuild-linux-32/-/esbuild-linux-32-0.14.13.tgz#50b197f6831e824660ab80d011b656505a0aae32"
  integrity sha512-WzXyBx6zx16adGi7wPBvH2lRCBzYMcqnBRrJ8ciLIqYyruGvprZocX1nFWfiexjLcFxIElWnMNPX6LG7ULqyXA==

esbuild-linux-64@0.14.13:
  version "0.14.13"
  resolved "https://registry.yarnpkg.com/esbuild-linux-64/-/esbuild-linux-64-0.14.13.tgz#d2ee4d780e3cadd129ab8988c7c75ca4bd636f3a"
  integrity sha512-P6OFAfcoUvE7g9h/0UKm3qagvTovwqpCF1wbFLWe/BcCY8BS1bR/+SxUjCeKX2BcpIsg4/43ezHDE/ntg/iOpw==

esbuild-linux-arm64@0.14.13:
  version "0.14.13"
  resolved "https://registry.yarnpkg.com/esbuild-linux-arm64/-/esbuild-linux-arm64-0.14.13.tgz#9151963c55cd42968c97f2fd354cd6ff9b3cb476"
  integrity sha512-k/uIvmkm4mc7vyMvJVwILgGxi2F+FuvLdmESIIWoHrnxEfEekC5AWpI/R6GQ2OMfp8snebSQLs8KL05QPnt1zA==

esbuild-linux-arm@0.14.13:
  version "0.14.13"
  resolved "https://registry.yarnpkg.com/esbuild-linux-arm/-/esbuild-linux-arm-0.14.13.tgz#80e94cd8920607dc0addb97bac7ff5988d0fc28f"
  integrity sha512-4jmm0UySCg3Wi6FEBS7jpiPb1IyckI5um5kzYRwulHxPzkiokd6cgpcsTakR4/Y84UEicS8LnFAghHhXHZhbFg==

esbuild-linux-mips64le@0.14.13:
  version "0.14.13"
  resolved "https://registry.yarnpkg.com/esbuild-linux-mips64le/-/esbuild-linux-mips64le-0.14.13.tgz#8e7eeef567b0895f2ecc4d66b1f1e5a542f1ce5b"
  integrity sha512-vwYtgjQ1TRlUGL88km9wH9TjXsdZyZ/Xht1ASptg5XGRlqGquVjLGH11PfLLunoMdkQ0YTXR68b4l5gRfjVbyg==

esbuild-linux-ppc64le@0.14.13:
  version "0.14.13"
  resolved "https://registry.yarnpkg.com/esbuild-linux-ppc64le/-/esbuild-linux-ppc64le-0.14.13.tgz#ffbe9915a1d8080f9810a9c5938f453003c6de98"
  integrity sha512-0KqDSIkZaYugtcdpFCd3eQ38Fg6TzhxmOpkhDIKNTwD/W2RoXeiS+Z4y5yQ3oysb/ySDOxWkwNqTdXS4sz2LdQ==

esbuild-linux-s390x@0.14.13:
  version "0.14.13"
  resolved "https://registry.yarnpkg.com/esbuild-linux-s390x/-/esbuild-linux-s390x-0.14.13.tgz#e27274d12f198580892432115fc0de432431d33d"
  integrity sha512-bG20i7d0CN97fwPN9LaLe64E2IrI0fPZWEcoiff9hzzsvo/fQCx0YjMbPC2T3gqQ48QZRltdU9hQilTjHk3geQ==

esbuild-netbsd-64@0.14.13:
  version "0.14.13"
  resolved "https://registry.yarnpkg.com/esbuild-netbsd-64/-/esbuild-netbsd-64-0.14.13.tgz#78199fa57d5794e6ac6c33993dd0588fba22b353"
  integrity sha512-jz96PQb0ltqyqLggPpcRbWxzLvWHvrZBHZQyjcOzKRDqg1fR/R1y10b1Cuv84xoIbdAf+ceNUJkMN21FfR9G2g==

esbuild-openbsd-64@0.14.13:
  version "0.14.13"
  resolved "https://registry.yarnpkg.com/esbuild-openbsd-64/-/esbuild-openbsd-64-0.14.13.tgz#5394336b602e1db15583bbef7d827a2b9648e373"
  integrity sha512-bp6zSo3kDCXKPM5MmVUg6DEpt+yXDx37iDGzNTn3Kf9xh6d0cdITxUC4Bx6S3Di79GVYubWs+wNjSRVFIJpryw==

esbuild-sunos-64@0.14.13:
  version "0.14.13"
  resolved "https://registry.yarnpkg.com/esbuild-sunos-64/-/esbuild-sunos-64-0.14.13.tgz#4afcddcece51f943149fa07274bd58f64e0913a8"
  integrity sha512-08Fne1T9QHYxUnu55sV9V4i/yECADOaI1zMGET2YUa8SRkib10i80hc89U7U/G02DxpN/KUJMWEGq2wKTn0QFQ==

esbuild-windows-32@0.14.13:
  version "0.14.13"
  resolved "https://registry.yarnpkg.com/esbuild-windows-32/-/esbuild-windows-32-0.14.13.tgz#cb06267f270bbf7ea6631cc78b8f6e3647975c44"
  integrity sha512-MW3BMIi9+fzTyDdljH0ftfT/qlD3t+aVzle1O+zZ2MgHRMQD20JwWgyqoJXhe6uDVyunrAUbcjH3qTIEZN3isg==

esbuild-windows-64@0.14.13:
  version "0.14.13"
  resolved "https://registry.yarnpkg.com/esbuild-windows-64/-/esbuild-windows-64-0.14.13.tgz#3bbfba58e0185121280bd47ccd073b6c1849fd27"
  integrity sha512-d7+0N+EOgBKdi/nMxlQ8QA5xHBlpcLtSrYnHsA+Xp4yZk28dYfRw1+embsHf5uN5/1iPvrJwPrcpgDH1xyy4JA==

esbuild-windows-arm64@0.14.13:
  version "0.14.13"
  resolved "https://registry.yarnpkg.com/esbuild-windows-arm64/-/esbuild-windows-arm64-0.14.13.tgz#9203d40d915d809c50bc91af5a8373e5f5abfc4c"
  integrity sha512-oX5hmgXk9yNKbb5AxThzRQm/E9kiHyDll7JJeyeT1fuGENTifv33f0INCpjBQ+Ty5ChKc84++ZQTEBwLCA12Kw==

esbuild@^0.14.0:
  version "0.14.13"
  resolved "https://registry.yarnpkg.com/esbuild/-/esbuild-0.14.13.tgz#ce3fc7c45a6b8a40caad43daa39cdb9c1e84930a"
  integrity sha512-FIxvAdj3i2oHA6ex+E67bG7zlSTO+slt8kU2ogHDgGtrQLy2HNChv3PYjiFTYkt8hZbEAniZCXVeHn+FrHt7dA==
  optionalDependencies:
    esbuild-android-arm64 "0.14.13"
    esbuild-darwin-64 "0.14.13"
    esbuild-darwin-arm64 "0.14.13"
    esbuild-freebsd-64 "0.14.13"
    esbuild-freebsd-arm64 "0.14.13"
    esbuild-linux-32 "0.14.13"
    esbuild-linux-64 "0.14.13"
    esbuild-linux-arm "0.14.13"
    esbuild-linux-arm64 "0.14.13"
    esbuild-linux-mips64le "0.14.13"
    esbuild-linux-ppc64le "0.14.13"
    esbuild-linux-s390x "0.14.13"
    esbuild-netbsd-64 "0.14.13"
    esbuild-openbsd-64 "0.14.13"
    esbuild-sunos-64 "0.14.13"
    esbuild-windows-32 "0.14.13"
    esbuild-windows-64 "0.14.13"
    esbuild-windows-arm64 "0.14.13"

kleur@^4.0.3:
  version "4.1.4"
  resolved "https://registry.yarnpkg.com/kleur/-/kleur-4.1.4.tgz#8c202987d7e577766d039a8cd461934c01cda04d"
  integrity sha512-8QADVssbrFjivHWQU7KkMgptGTl6WAcSdlbBPY4uNF+mWr6DGcKrvY2w4FQJoXch7+fKMjj0dRrL75vk3k23OA==

mri@^1.1.0:
  version "1.2.0"
  resolved "https://registry.yarnpkg.com/mri/-/mri-1.2.0.tgz#6721480fec2a11a4889861115a48b6cbe7cc8f0b"
  integrity sha512-tzzskb3bG8LvYGFF/mDTpq3jpI6Q9wc3LEmBaghu+DdCssd1FakN7Bc0hVNmEyGq1bq3RgfkCb3cmQLpNPOroA==

sade@^1.7.3:
  version "1.8.1"
  resolved "https://registry.yarnpkg.com/sade/-/sade-1.8.1.tgz#0a78e81d658d394887be57d2a409bf703a3b2701"
  integrity sha512-xal3CZX1Xlo/k4ApwCFrHVACi9fBqJ7V+mwhBsuf/1IOKbBy098Fex+Wa/5QMubw09pSZ/u8EY8PWgevJsXp1A==
  dependencies:
    mri "^1.1.0"

tsm@^2.2.1:
  version "2.2.1"
  resolved "https://registry.yarnpkg.com/tsm/-/tsm-2.2.1.tgz#3e78e86a03b2f569c20cff4a9f66c4ec8fce65fc"
  integrity sha512-qvJB0baPnxQJolZru11mRgGTdNlx17WqgJnle7eht3Vhb+VUR4/zFA5hFl6NqRe7m8BD9w/6yu0B2XciRrdoJA==
  dependencies:
    esbuild "^0.14.0"

typescript@^4.5.5:
  version "4.5.5"
  resolved "https://registry.yarnpkg.com/typescript/-/typescript-4.5.5.tgz#d8c953832d28924a9e3d37c73d729c846c5896f3"
  integrity sha512-TCTIul70LyWe6IJWT8QSYeA54WQe8EjQFU4wY52Fasj5UKx88LNYKCgBEHcOMOrFF1rKGbD8v/xcNWVUq9SymA==

uvu@^0.5.3:
  version "0.5.3"
  resolved "https://registry.yarnpkg.com/uvu/-/uvu-0.5.3.tgz#3d83c5bc1230f153451877bfc7f4aea2392219ae"
  integrity sha512-brFwqA3FXzilmtnIyJ+CxdkInkY/i4ErvP7uV0DnUVxQcQ55reuHphorpF+tZoVHK2MniZ/VJzI7zJQoc9T9Yw==
  dependencies:
    dequal "^2.0.0"
    diff "^5.0.0"
    kleur "^4.0.3"
    sade "^1.7.3"
